
Microsoft Visual Studio Solution File, Format Version 12.00
# Visual Studio Version 17
VisualStudioVersion = 17.13.35919.96 d17.13
MinimumVisualStudioVersion = 10.0.40219.1
Project("{FAE04EC0-301F-11D3-BF4B-00C04F79EFBC}") = "ChallengeLab6", "ChallengeLab6.csproj", "{3D80B8BC-EE98-42AE-B048-F67E82623C4C}"
EndProject
Global
	GlobalSection(SolutionConfigurationPlatforms) = preSolution
		Debug|Any CPU = Debug|Any CPU
		Release|Any CPU = Release|Any CPU
	EndGlobalSection
	GlobalSection(ProjectConfigurationPlatforms) = postSolution
		{3D80B8BC-EE98-42AE-B048-F67E82623C4C}.Debug|Any CPU.ActiveCfg = Debug|Any CPU
		{3D80B8BC-EE98-42AE-B048-F67E82623C4C}.Debug|Any CPU.Build.0 = Debug|Any CPU
		{3D80B8BC-EE98-42AE-B048-F67E82623C4C}.Release|Any CPU.ActiveCfg = Release|Any CPU
		{3D80B8BC-EE98-42AE-B048-F67E82623C4C}.Release|Any CPU.Build.0 = Release|Any CPU
	EndGlobalSection
	GlobalSection(SolutionProperties) = preSolution
		HideSolutionNode = FALSE
	EndGlobalSection
	GlobalSection(ExtensibilityGlobals) = postSolution
		SolutionGuid = {A3FAADA3-3B2A-4445-8932-9BBEBA5F4B21}
	EndGlobalSection
EndGlobal
