
Microsoft Visual Studio Solution File, Format Version 12.00
# Visual Studio Version 17
VisualStudioVersion = 17.14.36127.28 d17.14
MinimumVisualStudioVersion = 10.0.40219.1
Project("{FAE04EC0-301F-11D3-BF4B-00C04F79EFBC}") = "ChallengeLab11", "ChallengeLab11.csproj", "{FF7BFC5C-0E2C-4620-994F-720F2210E0E8}"
EndProject
Global
	GlobalSection(SolutionConfigurationPlatforms) = preSolution
		Debug|Any CPU = Debug|Any CPU
		Release|Any CPU = Release|Any CPU
	EndGlobalSection
	GlobalSection(ProjectConfigurationPlatforms) = postSolution
		{FF7BFC5C-0E2C-4620-994F-720F2210E0E8}.Debug|Any CPU.ActiveCfg = Debug|Any CPU
		{FF7BFC5C-0E2C-4620-994F-720F2210E0E8}.Debug|Any CPU.Build.0 = Debug|Any CPU
		{FF7BFC5C-0E2C-4620-994F-720F2210E0E8}.Release|Any CPU.ActiveCfg = Release|Any CPU
		{FF7BFC5C-0E2C-4620-994F-720F2210E0E8}.Release|Any CPU.Build.0 = Release|Any CPU
	EndGlobalSection
	GlobalSection(SolutionProperties) = preSolution
		HideSolutionNode = FALSE
	EndGlobalSection
	GlobalSection(ExtensibilityGlobals) = postSolution
		SolutionGuid = {1FAB954C-B9BC-490A-90F7-03753F3DDFA8}
	EndGlobalSection
EndGlobal
