
Microsoft Visual Studio Solution File, Format Version 12.00
# Visual Studio Version 17
VisualStudioVersion = 17.14.36109.1
MinimumVisualStudioVersion = 10.0.40219.1
Project("{FAE04EC0-301F-11D3-BF4B-00C04F79EFBC}") = "GolfCompanion", "GolfCompanion.csproj", "{2C52311E-9DD7-4157-A0D3-198E65B55C04}"
EndProject
Project("{FAE04EC0-301F-11D3-BF4B-00C04F79EFBC}") = "GolfCompanionAPI", "..\GolfCompanionAPI\GolfCompanionAPI.csproj", "{D6629EDE-C86F-42B9-8681-33CFD1A4A0C7}"
EndProject
Project("{FAE04EC0-301F-11D3-BF4B-00C04F79EFBC}") = "SharedGolfClasses", "..\SharedGolfClasses\SharedGolfClasses.csproj", "{F719E498-0841-49D6-969E-02EBE4398583}"
EndProject
Global
	GlobalSection(SolutionConfigurationPlatforms) = preSolution
		Debug|Any CPU = Debug|Any CPU
		Release|Any CPU = Release|Any CPU
	EndGlobalSection
	GlobalSection(ProjectConfigurationPlatforms) = postSolution
		{2C52311E-9DD7-4157-A0D3-198E65B55C04}.Debug|Any CPU.ActiveCfg = Debug|Any CPU
		{2C52311E-9DD7-4157-A0D3-198E65B55C04}.Debug|Any CPU.Build.0 = Debug|Any CPU
		{2C52311E-9DD7-4157-A0D3-198E65B55C04}.Release|Any CPU.ActiveCfg = Release|Any CPU
		{2C52311E-9DD7-4157-A0D3-198E65B55C04}.Release|Any CPU.Build.0 = Release|Any CPU
		{D6629EDE-C86F-42B9-8681-33CFD1A4A0C7}.Debug|Any CPU.ActiveCfg = Debug|Any CPU
		{D6629EDE-C86F-42B9-8681-33CFD1A4A0C7}.Debug|Any CPU.Build.0 = Debug|Any CPU
		{D6629EDE-C86F-42B9-8681-33CFD1A4A0C7}.Release|Any CPU.ActiveCfg = Release|Any CPU
		{D6629EDE-C86F-42B9-8681-33CFD1A4A0C7}.Release|Any CPU.Build.0 = Release|Any CPU
		{F719E498-0841-49D6-969E-02EBE4398583}.Debug|Any CPU.ActiveCfg = Debug|Any CPU
		{F719E498-0841-49D6-969E-02EBE4398583}.Debug|Any CPU.Build.0 = Debug|Any CPU
		{F719E498-0841-49D6-969E-02EBE4398583}.Release|Any CPU.ActiveCfg = Release|Any CPU
		{F719E498-0841-49D6-969E-02EBE4398583}.Release|Any CPU.Build.0 = Release|Any CPU
	EndGlobalSection
	GlobalSection(SolutionProperties) = preSolution
		HideSolutionNode = FALSE
	EndGlobalSection
	GlobalSection(ExtensibilityGlobals) = postSolution
		SolutionGuid = {0CD9DD58-5AA9-4D1B-8A44-0240C7EF4FF2}
	EndGlobalSection
EndGlobal
