Microsoft Visual Studio Solution File, Format Version 12.00
# Visual Studio Version 17
VisualStudioVersion = 17.5.2.0
MinimumVisualStudioVersion = 10.0.40219.1
Project("{FAE04EC0-301F-11D3-BF4B-00C04F79EFBC}") = "GolfCompanionAPI", "GolfCompanionAPI.csproj", "{157E6B26-E7D4-B704-DFF4-7EEA67620584}"
EndProject
Global
	GlobalSection(SolutionConfigurationPlatforms) = preSolution
		Debug|Any CPU = Debug|Any CPU
		Release|Any CPU = Release|Any CPU
	EndGlobalSection
	GlobalSection(ProjectConfigurationPlatforms) = postSolution
		{157E6B26-E7D4-B704-DFF4-7EEA67620584}.Debug|Any CPU.ActiveCfg = Debug|Any CPU
		{157E6B26-E7D4-B704-DFF4-7EEA67620584}.Debug|Any CPU.Build.0 = Debug|Any CPU
		{157E6B26-E7D4-B704-DFF4-7EEA67620584}.Release|Any CPU.ActiveCfg = Release|Any CPU
		{157E6B26-E7D4-B704-DFF4-7EEA67620584}.Release|Any CPU.Build.0 = Release|Any CPU
	EndGlobalSection
	GlobalSection(SolutionProperties) = preSolution
		HideSolutionNode = FALSE
	EndGlobalSection
	GlobalSection(ExtensibilityGlobals) = postSolution
		SolutionGuid = {59836A9B-2385-4F13-94CD-1B2D9D6A4063}
	EndGlobalSection
EndGlobal
