
Microsoft Visual Studio Solution File, Format Version 12.00
# Visual Studio Version 17
VisualStudioVersion = 17.14.36212.18 d17.14
MinimumVisualStudioVersion = 10.0.40219.1
Project("{FAE04EC0-301F-11D3-BF4B-00C04F79EFBC}") = "Assignment12.2", "Assignment12.2.csproj", "{99FBDFF4-9D60-45EC-8D71-68D02F209BD6}"
EndProject
Project("{FAE04EC0-301F-11D3-BF4B-00C04F79EFBC}") = "Assignment12.2Tests", "..\Assignment12.2Tests\Assignment12.2Tests.csproj", "{84829F81-6ABD-444C-8531-F42E9E8E339F}"
EndProject
Global
	GlobalSection(SolutionConfigurationPlatforms) = preSolution
		Debug|Any CPU = Debug|Any CPU
		Release|Any CPU = Release|Any CPU
	EndGlobalSection
	GlobalSection(ProjectConfigurationPlatforms) = postSolution
		{99FBDFF4-9D60-45EC-8D71-68D02F209BD6}.Debug|Any CPU.ActiveCfg = Debug|Any CPU
		{99FBDFF4-9D60-45EC-8D71-68D02F209BD6}.Debug|Any CPU.Build.0 = Debug|Any CPU
		{99FBDFF4-9D60-45EC-8D71-68D02F209BD6}.Release|Any CPU.ActiveCfg = Release|Any CPU
		{99FBDFF4-9D60-45EC-8D71-68D02F209BD6}.Release|Any CPU.Build.0 = Release|Any CPU
		{84829F81-6ABD-444C-8531-F42E9E8E339F}.Debug|Any CPU.ActiveCfg = Debug|Any CPU
		{84829F81-6ABD-444C-8531-F42E9E8E339F}.Debug|Any CPU.Build.0 = Debug|Any CPU
		{84829F81-6ABD-444C-8531-F42E9E8E339F}.Release|Any CPU.ActiveCfg = Release|Any CPU
		{84829F81-6ABD-444C-8531-F42E9E8E339F}.Release|Any CPU.Build.0 = Release|Any CPU
	EndGlobalSection
	GlobalSection(SolutionProperties) = preSolution
		HideSolutionNode = FALSE
	EndGlobalSection
	GlobalSection(ExtensibilityGlobals) = postSolution
		SolutionGuid = {B8461FAA-5519-4FE8-8437-9CB87ACB2283}
	EndGlobalSection
EndGlobal
