
Microsoft Visual Studio Solution File, Format Version 12.00
# Visual Studio Version 17
VisualStudioVersion = 17.14.36127.28 d17.14
MinimumVisualStudioVersion = 10.0.40219.1
Project("{FAE04EC0-301F-11D3-BF4B-00C04F79EFBC}") = "Assignment11.2", "Assignment11.2.csproj", "{32D63DD4-0252-4274-9A32-80573A604FB3}"
EndProject
Global
	GlobalSection(SolutionConfigurationPlatforms) = preSolution
		Debug|Any CPU = Debug|Any CPU
		Release|Any CPU = Release|Any CPU
	EndGlobalSection
	GlobalSection(ProjectConfigurationPlatforms) = postSolution
		{32D63DD4-0252-4274-9A32-80573A604FB3}.Debug|Any CPU.ActiveCfg = Debug|Any CPU
		{32D63DD4-0252-4274-9A32-80573A604FB3}.Debug|Any CPU.Build.0 = Debug|Any CPU
		{32D63DD4-0252-4274-9A32-80573A604FB3}.Release|Any CPU.ActiveCfg = Release|Any CPU
		{32D63DD4-0252-4274-9A32-80573A604FB3}.Release|Any CPU.Build.0 = Release|Any CPU
	EndGlobalSection
	GlobalSection(SolutionProperties) = preSolution
		HideSolutionNode = FALSE
	EndGlobalSection
	GlobalSection(ExtensibilityGlobals) = postSolution
		SolutionGuid = {C4EAE93B-006C-4A5C-B71B-5D592C615843}
	EndGlobalSection
EndGlobal
